
Microsoft Visual Studio Solution File, Format Version 12.00
# Visual Studio 2013
VisualStudioVersion = 12.0.30501.0
MinimumVisualStudioVersion = 10.0.40219.1
Project("{FAE04EC0-301F-11D3-BF4B-00C04F79EFBC}") = "CaseProcesser", "CaseProcesser\CaseProcesser.csproj", "{ECBD916E-13D5-470C-8778-4B9538F559FE}"
EndProject
Project("{FAE04EC0-301F-11D3-BF4B-00C04F79EFBC}") = "CaseProcesser.Tests", "CaseProcesser.Tests\CaseProcesser.Tests.csproj", "{09F89731-E685-449B-9BB0-CEB5BECAB19D}"
EndProject
Global
	GlobalSection(SolutionConfigurationPlatforms) = preSolution
		Debug|Any CPU = Debug|Any CPU
		Release|Any CPU = Release|Any CPU
	EndGlobalSection
	GlobalSection(ProjectConfigurationPlatforms) = postSolution
		{ECBD916E-13D5-470C-8778-4B9538F559FE}.Debug|Any CPU.ActiveCfg = Debug|Any CPU
		{ECBD916E-13D5-470C-8778-4B9538F559FE}.Debug|Any CPU.Build.0 = Debug|Any CPU
		{ECBD916E-13D5-470C-8778-4B9538F559FE}.Release|Any CPU.ActiveCfg = Release|Any CPU
		{ECBD916E-13D5-470C-8778-4B9538F559FE}.Release|Any CPU.Build.0 = Release|Any CPU
		{09F89731-E685-449B-9BB0-CEB5BECAB19D}.Debug|Any CPU.ActiveCfg = Debug|Any CPU
		{09F89731-E685-449B-9BB0-CEB5BECAB19D}.Debug|Any CPU.Build.0 = Debug|Any CPU
		{09F89731-E685-449B-9BB0-CEB5BECAB19D}.Release|Any CPU.ActiveCfg = Release|Any CPU
		{09F89731-E685-449B-9BB0-CEB5BECAB19D}.Release|Any CPU.Build.0 = Release|Any CPU
	EndGlobalSection
	GlobalSection(SolutionProperties) = preSolution
		HideSolutionNode = FALSE
	EndGlobalSection
EndGlobal
